
Microsoft Visual Studio Solution File, Format Version 12.00
# Visual Studio Version 16
VisualStudioVersion = 16.0.29409.12
MinimumVisualStudioVersion = 10.0.40219.1
Project("{FAE04EC0-301F-11D3-BF4B-00C04F79EFBC}") = "UserMaintenance", "UserMaintenance\UserMaintenance.csproj", "{8AC607D2-CE08-4319-9B72-602664EA7BAB}"
EndProject
Global
	GlobalSection(SolutionConfigurationPlatforms) = preSolution
		Debug|Any CPU = Debug|Any CPU
		Release|Any CPU = Release|Any CPU
	EndGlobalSection
	GlobalSection(ProjectConfigurationPlatforms) = postSolution
		{8AC607D2-CE08-4319-9B72-602664EA7BAB}.Debug|Any CPU.ActiveCfg = Debug|Any CPU
		{8AC607D2-CE08-4319-9B72-602664EA7BAB}.Debug|Any CPU.Build.0 = Debug|Any CPU
		{8AC607D2-CE08-4319-9B72-602664EA7BAB}.Release|Any CPU.ActiveCfg = Release|Any CPU
		{8AC607D2-CE08-4319-9B72-602664EA7BAB}.Release|Any CPU.Build.0 = Release|Any CPU
	EndGlobalSection
	GlobalSection(SolutionProperties) = preSolution
		HideSolutionNode = FALSE
	EndGlobalSection
	GlobalSection(ExtensibilityGlobals) = postSolution
		SolutionGuid = {167D9D90-F42E-4A62-A3A5-D6B4259697D5}
	EndGlobalSection
EndGlobal
